
Microsoft Visual Studio Solution File, Format Version 12.00
# Visual Studio Version 17
VisualStudioVersion = 17.9.34310.174
MinimumVisualStudioVersion = 10.0.40219.1
Project("{FAE04EC0-301F-11D3-BF4B-00C04F79EFBC}") = "insertion-sort", "insertion-sort\insertion-sort.csproj", "{785B084A-8136-4083-BED9-26C865D5E8BD}"
EndProject
Global
	GlobalSection(SolutionConfigurationPlatforms) = preSolution
		Debug|Any CPU = Debug|Any CPU
		Release|Any CPU = Release|Any CPU
	EndGlobalSection
	GlobalSection(ProjectConfigurationPlatforms) = postSolution
		{785B084A-8136-4083-BED9-26C865D5E8BD}.Debug|Any CPU.ActiveCfg = Debug|Any CPU
		{785B084A-8136-4083-BED9-26C865D5E8BD}.Debug|Any CPU.Build.0 = Debug|Any CPU
		{785B084A-8136-4083-BED9-26C865D5E8BD}.Release|Any CPU.ActiveCfg = Release|Any CPU
		{785B084A-8136-4083-BED9-26C865D5E8BD}.Release|Any CPU.Build.0 = Release|Any CPU
	EndGlobalSection
	GlobalSection(SolutionProperties) = preSolution
		HideSolutionNode = FALSE
	EndGlobalSection
	GlobalSection(ExtensibilityGlobals) = postSolution
		SolutionGuid = {899B232E-D1AB-4EDA-91F3-3C247234824B}
	EndGlobalSection
EndGlobal
